
Microsoft Visual Studio Solution File, Format Version 12.00
# Visual Studio 2012
Project("{FAE04EC0-301F-11D3-BF4B-00C04F79EFBC}") = "pH Controller console", "pH Controller console\pH Controller console.csproj", "{D3DD1FCF-C22F-45A1-B471-1F0E88A952E9}"
EndProject
Global
	GlobalSection(SolutionConfigurationPlatforms) = preSolution
		Debug|Any CPU = Debug|Any CPU
		Release|Any CPU = Release|Any CPU
	EndGlobalSection
	GlobalSection(ProjectConfigurationPlatforms) = postSolution
		{D3DD1FCF-C22F-45A1-B471-1F0E88A952E9}.Debug|Any CPU.ActiveCfg = Debug|Any CPU
		{D3DD1FCF-C22F-45A1-B471-1F0E88A952E9}.Debug|Any CPU.Build.0 = Debug|Any CPU
		{D3DD1FCF-C22F-45A1-B471-1F0E88A952E9}.Release|Any CPU.ActiveCfg = Release|Any CPU
		{D3DD1FCF-C22F-45A1-B471-1F0E88A952E9}.Release|Any CPU.Build.0 = Release|Any CPU
	EndGlobalSection
	GlobalSection(SolutionProperties) = preSolution
		HideSolutionNode = FALSE
	EndGlobalSection
EndGlobal
